
Microsoft Visual Studio Solution File, Format Version 12.00
# Visual Studio 15
VisualStudioVersion = 15.0.26403.7
MinimumVisualStudioVersion = 10.0.40219.1
Project("{FAE04EC0-301F-11D3-BF4B-00C04F79EFBC}") = "SpoolfileReadertest.Converted", "SpoolfileReadertest.Converted.csproj", "{21689919-0C37-4588-B0C9-ED05BD3DA104}"
EndProject
Project("{FAE04EC0-301F-11D3-BF4B-00C04F79EFBC}") = "EMFSpoolfileReader.Converted", "..\EMFSpoolfileReader.ConvertedToC#\EMFSpoolfileReader.Converted.csproj", "{5D5CAFAC-7266-4862-B117-3A0602E893AE}"
EndProject
Project("{FAE04EC0-301F-11D3-BF4B-00C04F79EFBC}") = "ConsoleSpReader", "ConsoleSpReader\ConsoleSpReader.csproj", "{1A881342-C2E5-47CF-BA45-5A3AA8BD51D2}"
EndProject
Global
	GlobalSection(SolutionConfigurationPlatforms) = preSolution
		Debug|Any CPU = Debug|Any CPU
		Release|Any CPU = Release|Any CPU
	EndGlobalSection
	GlobalSection(ProjectConfigurationPlatforms) = postSolution
		{21689919-0C37-4588-B0C9-ED05BD3DA104}.Debug|Any CPU.ActiveCfg = Debug|Any CPU
		{21689919-0C37-4588-B0C9-ED05BD3DA104}.Debug|Any CPU.Build.0 = Debug|Any CPU
		{21689919-0C37-4588-B0C9-ED05BD3DA104}.Release|Any CPU.ActiveCfg = Release|Any CPU
		{21689919-0C37-4588-B0C9-ED05BD3DA104}.Release|Any CPU.Build.0 = Release|Any CPU
		{5D5CAFAC-7266-4862-B117-3A0602E893AE}.Debug|Any CPU.ActiveCfg = Debug|Any CPU
		{5D5CAFAC-7266-4862-B117-3A0602E893AE}.Debug|Any CPU.Build.0 = Debug|Any CPU
		{5D5CAFAC-7266-4862-B117-3A0602E893AE}.Release|Any CPU.ActiveCfg = Release|Any CPU
		{5D5CAFAC-7266-4862-B117-3A0602E893AE}.Release|Any CPU.Build.0 = Release|Any CPU
		{1A881342-C2E5-47CF-BA45-5A3AA8BD51D2}.Debug|Any CPU.ActiveCfg = Debug|Any CPU
		{1A881342-C2E5-47CF-BA45-5A3AA8BD51D2}.Debug|Any CPU.Build.0 = Debug|Any CPU
		{1A881342-C2E5-47CF-BA45-5A3AA8BD51D2}.Release|Any CPU.ActiveCfg = Release|Any CPU
		{1A881342-C2E5-47CF-BA45-5A3AA8BD51D2}.Release|Any CPU.Build.0 = Release|Any CPU
	EndGlobalSection
	GlobalSection(SolutionProperties) = preSolution
		HideSolutionNode = FALSE
	EndGlobalSection
EndGlobal
